
Microsoft Visual Studio Solution File, Format Version 12.00
# Visual Studio Version 17
VisualStudioVersion = 17.8.34330.188
MinimumVisualStudioVersion = 10.0.40219.1
Project("{FAE04EC0-301F-11D3-BF4B-00C04F79EFBC}") = "API", "API\API.csproj", "{5E0D7528-E3E1-4FAB-BBC1-949926960D42}"
EndProject
Project("{FAE04EC0-301F-11D3-BF4B-00C04F79EFBC}") = "Application", "Application\Application.csproj", "{FD6B1DFE-7535-4320-985C-24EC558B2DED}"
EndProject
Project("{FAE04EC0-301F-11D3-BF4B-00C04F79EFBC}") = "Domain", "Domain\Domain.csproj", "{E254B0BE-9D1A-41E1-9890-3DC1C48D1ECE}"
EndProject
Project("{FAE04EC0-301F-11D3-BF4B-00C04F79EFBC}") = "Infrastructure", "Infrastructure\Infrastructure.csproj", "{A0DCAEAD-AEA4-4E46-B125-D6F6AD713913}"
EndProject
Global
	GlobalSection(SolutionConfigurationPlatforms) = preSolution
		Debug|Any CPU = Debug|Any CPU
		Release|Any CPU = Release|Any CPU
	EndGlobalSection
	GlobalSection(ProjectConfigurationPlatforms) = postSolution
		{5E0D7528-E3E1-4FAB-BBC1-949926960D42}.Debug|Any CPU.ActiveCfg = Debug|Any CPU
		{5E0D7528-E3E1-4FAB-BBC1-949926960D42}.Debug|Any CPU.Build.0 = Debug|Any CPU
		{5E0D7528-E3E1-4FAB-BBC1-949926960D42}.Release|Any CPU.ActiveCfg = Release|Any CPU
		{5E0D7528-E3E1-4FAB-BBC1-949926960D42}.Release|Any CPU.Build.0 = Release|Any CPU
		{FD6B1DFE-7535-4320-985C-24EC558B2DED}.Debug|Any CPU.ActiveCfg = Debug|Any CPU
		{FD6B1DFE-7535-4320-985C-24EC558B2DED}.Debug|Any CPU.Build.0 = Debug|Any CPU
		{FD6B1DFE-7535-4320-985C-24EC558B2DED}.Release|Any CPU.ActiveCfg = Release|Any CPU
		{FD6B1DFE-7535-4320-985C-24EC558B2DED}.Release|Any CPU.Build.0 = Release|Any CPU
		{E254B0BE-9D1A-41E1-9890-3DC1C48D1ECE}.Debug|Any CPU.ActiveCfg = Debug|Any CPU
		{E254B0BE-9D1A-41E1-9890-3DC1C48D1ECE}.Debug|Any CPU.Build.0 = Debug|Any CPU
		{E254B0BE-9D1A-41E1-9890-3DC1C48D1ECE}.Release|Any CPU.ActiveCfg = Release|Any CPU
		{E254B0BE-9D1A-41E1-9890-3DC1C48D1ECE}.Release|Any CPU.Build.0 = Release|Any CPU
		{A0DCAEAD-AEA4-4E46-B125-D6F6AD713913}.Debug|Any CPU.ActiveCfg = Debug|Any CPU
		{A0DCAEAD-AEA4-4E46-B125-D6F6AD713913}.Debug|Any CPU.Build.0 = Debug|Any CPU
		{A0DCAEAD-AEA4-4E46-B125-D6F6AD713913}.Release|Any CPU.ActiveCfg = Release|Any CPU
		{A0DCAEAD-AEA4-4E46-B125-D6F6AD713913}.Release|Any CPU.Build.0 = Release|Any CPU
	EndGlobalSection
	GlobalSection(SolutionProperties) = preSolution
		HideSolutionNode = FALSE
	EndGlobalSection
	GlobalSection(ExtensibilityGlobals) = postSolution
		SolutionGuid = {15062755-382B-425E-B5E6-35692D3E1A86}
	EndGlobalSection
EndGlobal
